// !$*UTF8*$!
{
	archiveVersion = 1;
	classes = {
	};
	objectVersion = 50;
	objects = {

/* Begin PBXBuildFile section */
		2F30563521C5691F00935380 /* AppDelegate.swift in Sources */ = {isa = PBXBuildFile; fileRef = 2F30563421C5691F00935380 /* AppDelegate.swift */; };
		2F30563721C5691F00935380 /* ViewController.swift in Sources */ = {isa = PBXBuildFile; fileRef = 2F30563621C5691F00935380 /* ViewController.swift */; };
		2F30563A21C5691F00935380 /* Main.storyboard in Resources */ = {isa = PBXBuildFile; fileRef = 2F30563821C5691F00935380 /* Main.storyboard */; };
		2F30563C21C5692000935380 /* Assets.xcassets in Resources */ = {isa = PBXBuildFile; fileRef = 2F30563B21C5692000935380 /* Assets.xcassets */; };
		2F30563F21C5692000935380 /* LaunchScreen.storyboard in Resources */ = {isa = PBXBuildFile; fileRef = 2F30563D21C5692000935380 /* LaunchScreen.storyboard */; };
		2F30564A21C5692000935380 /* ArrowVerseTests.swift in Sources */ = {isa = PBXBuildFile; fileRef = 2F30564921C5692000935380 /* ArrowVerseTests.swift */; };
		2F30565521C5692000935380 /* ArrowVerseUITests.swift in Sources */ = {isa = PBXBuildFile; fileRef = 2F30565421C5692000935380 /* ArrowVerseUITests.swift */; };
/* End PBXBuildFile section */

/* Begin PBXContainerItemProxy section */
		2F30564621C5692000935380 /* PBXContainerItemProxy */ = {
			isa = PBXContainerItemProxy;
			containerPortal = 2F30562921C5691F00935380 /* Project object */;
			proxyType = 1;
			remoteGlobalIDString = 2F30563021C5691F00935380;
			remoteInfo = ArrowVerse;
		};
		2F30565121C5692000935380 /* PBXContainerItemProxy */ = {
			isa = PBXContainerItemProxy;
			containerPortal = 2F30562921C5691F00935380 /* Project object */;
			proxyType = 1;
			remoteGlobalIDString = 2F30563021C5691F00935380;
			remoteInfo = ArrowVerse;
		};
/* End PBXContainerItemProxy section */

/* Begin PBXFileReference section */
		2F30563121C5691F00935380 /* ArrowVerse.app */ = {isa = PBXFileReference; explicitFileType = wrapper.application; includeInIndex = 0; path = ArrowVerse.app; sourceTree = BUILT_PRODUCTS_DIR; };
		2F30563421C5691F00935380 /* AppDelegate.swift */ = {isa = PBXFileReference; lastKnownFileType = sourcecode.swift; path = AppDelegate.swift; sourceTree = "<group>"; };
		2F30563621C5691F00935380 /* ViewController.swift */ = {isa = PBXFileReference; lastKnownFileType = sourcecode.swift; path = ViewController.swift; sourceTree = "<group>"; };
		2F30563921C5691F00935380 /* Base */ = {isa = PBXFileReference; lastKnownFileType = file.storyboard; name = Base; path = Base.lproj/Main.storyboard; sourceTree = "<group>"; };
		2F30563B21C5692000935380 /* Assets.xcassets */ = {isa = PBXFileReference; lastKnownFileType = folder.assetcatalog; path = Assets.xcassets; sourceTree = "<group>"; };
		2F30563E21C5692000935380 /* Base */ = {isa = PBXFileReference; lastKnownFileType = file.storyboard; name = Base; path = Base.lproj/LaunchScreen.storyboard; sourceTree = "<group>"; };
		2F30564021C5692000935380 /* Info.plist */ = {isa = PBXFileReference; lastKnownFileType = text.plist.xml; path = Info.plist; sourceTree = "<group>"; };
		2F30564521C5692000935380 /* ArrowVerseTests.xctest */ = {isa = PBXFileReference; explicitFileType = wrapper.cfbundle; includeInIndex = 0; path = ArrowVerseTests.xctest; sourceTree = BUILT_PRODUCTS_DIR; };
		2F30564921C5692000935380 /* ArrowVerseTests.swift */ = {isa = PBXFileReference; lastKnownFileType = sourcecode.swift; path = ArrowVerseTests.swift; sourceTree = "<group>"; };
		2F30564B21C5692000935380 /* Info.plist */ = {isa = PBXFileReference; lastKnownFileType = text.plist.xml; path = Info.plist; sourceTree = "<group>"; };
		2F30565021C5692000935380 /* ArrowVerseUITests.xctest */ = {isa = PBXFileReference; explicitFileType = wrapper.cfbundle; includeInIndex = 0; path = ArrowVerseUITests.xctest; sourceTree = BUILT_PRODUCTS_DIR; };
		2F30565421C5692000935380 /* ArrowVerseUITests.swift */ = {isa = PBXFileReference; lastKnownFileType = sourcecode.swift; path = ArrowVerseUITests.swift; sourceTree = "<group>"; };
		2F30565621C5692000935380 /* Info.plist */ = {isa = PBXFileReference; lastKnownFileType = text.plist.xml; path = Info.plist; sourceTree = "<group>"; };
/* End PBXFileReference section */

/* Begin PBXFrameworksBuildPhase section */
		2F30562E21C5691F00935380 /* Frameworks */ = {
			isa = PBXFrameworksBuildPhase;
			buildActionMask = 2147483647;
			files = (
			);
			runOnlyForDeploymentPostprocessing = 0;
		};
		2F30564221C5692000935380 /* Frameworks */ = {
			isa = PBXFrameworksBuildPhase;
			buildActionMask = 2147483647;
			files = (
			);
			runOnlyForDeploymentPostprocessing = 0;
		};
		2F30564D21C5692000935380 /* Frameworks */ = {
			isa = PBXFrameworksBuildPhase;
			buildActionMask = 2147483647;
			files = (
			);
			runOnlyForDeploymentPostprocessing = 0;
		};
/* End PBXFrameworksBuildPhase section */

/* Begin PBXGroup section */
		2F30562821C5691F00935380 = {
			isa = PBXGroup;
			children = (
				2F30563321C5691F00935380 /* ArrowVerse */,
				2F30564821C5692000935380 /* ArrowVerseTests */,
				2F30565321C5692000935380 /* ArrowVerseUITests */,
				2F30563221C5691F00935380 /* Products */,
			);
			sourceTree = "<group>";
		};
		2F30563221C5691F00935380 /* Products */ = {
			isa = PBXGroup;
			children = (
				2F30563121C5691F00935380 /* ArrowVerse.app */,
				2F30564521C5692000935380 /* ArrowVerseTests.xctest */,
				2F30565021C5692000935380 /* ArrowVerseUITests.xctest */,
			);
			name = Products;
			sourceTree = "<group>";
		};
		2F30563321C5691F00935380 /* ArrowVerse */ = {
			isa = PBXGroup;
			children = (
				2F30563421C5691F00935380 /* AppDelegate.swift */,
				2F30563621C5691F00935380 /* ViewController.swift */,
				2F30563821C5691F00935380 /* Main.storyboard */,
				2F30563B21C5692000935380 /* Assets.xcassets */,
				2F30563D21C5692000935380 /* LaunchScreen.storyboard */,
				2F30564021C5692000935380 /* Info.plist */,
			);
			path = ArrowVerse;
			sourceTree = "<group>";
		};
		2F30564821C5692000935380 /* ArrowVerseTests */ = {
			isa = PBXGroup;
			children = (
				2F30564921C5692000935380 /* ArrowVerseTests.swift */,
				2F30564B21C5692000935380 /* Info.plist */,
			);
			path = ArrowVerseTests;
			sourceTree = "<group>";
		};
		2F30565321C5692000935380 /* ArrowVerseUITests */ = {
			isa = PBXGroup;
			children = (
				2F30565421C5692000935380 /* ArrowVerseUITests.swift */,
				2F30565621C5692000935380 /* Info.plist */,
			);
			path = ArrowVerseUITests;
			sourceTree = "<group>";
		};
/* End PBXGroup section */

/* Begin PBXNativeTarget section */
		2F30563021C5691F00935380 /* ArrowVerse */ = {
			isa = PBXNativeTarget;
			buildConfigurationList = 2F30565921C5692000935380 /* Build configuration list for PBXNativeTarget "ArrowVerse" */;
			buildPhases = (
				2F30562D21C5691F00935380 /* Sources */,
				2F30562E21C5691F00935380 /* Frameworks */,
				2F30562F21C5691F00935380 /* Resources */,
			);
			buildRules = (
			);
			dependencies = (
			);
			name = ArrowVerse;
			productName = ArrowVerse;
			productReference = 2F30563121C5691F00935380 /* ArrowVerse.app */;
			productType = "com.apple.product-type.application";
		};
		2F30564421C5692000935380 /* ArrowVerseTests */ = {
			isa = PBXNativeTarget;
			buildConfigurationList = 2F30565C21C5692000935380 /* Build configuration list for PBXNativeTarget "ArrowVerseTests" */;
			buildPhases = (
				2F30564121C5692000935380 /* Sources */,
				2F30564221C5692000935380 /* Frameworks */,
				2F30564321C5692000935380 /* Resources */,
			);
			buildRules = (
			);
			dependencies = (
				2F30564721C5692000935380 /* PBXTargetDependency */,
			);
			name = ArrowVerseTests;
			productName = ArrowVerseTests;
			productReference = 2F30564521C5692000935380 /* ArrowVerseTests.xctest */;
			productType = "com.apple.product-type.bundle.unit-test";
		};
		2F30564F21C5692000935380 /* ArrowVerseUITests */ = {
			isa = PBXNativeTarget;
			buildConfigurationList = 2F30565F21C5692000935380 /* Build configuration list for PBXNativeTarget "ArrowVerseUITests" */;
			buildPhases = (
				2F30564C21C5692000935380 /* Sources */,
				2F30564D21C5692000935380 /* Frameworks */,
				2F30564E21C5692000935380 /* Resources */,
			);
			buildRules = (
			);
			dependencies = (
				2F30565221C5692000935380 /* PBXTargetDependency */,
			);
			name = ArrowVerseUITests;
			productName = ArrowVerseUITests;
			productReference = 2F30565021C5692000935380 /* ArrowVerseUITests.xctest */;
			productType = "com.apple.product-type.bundle.ui-testing";
		};
/* End PBXNativeTarget section */

/* Begin PBXProject section */
		2F30562921C5691F00935380 /* Project object */ = {
			isa = PBXProject;
			attributes = {
				LastSwiftUpdateCheck = 1010;
				LastUpgradeCheck = 1010;
				ORGANIZATIONNAME = "Rachel Waynick";
				TargetAttributes = {
					2F30563021C5691F00935380 = {
						CreatedOnToolsVersion = 10.1;
					};
					2F30564421C5692000935380 = {
						CreatedOnToolsVersion = 10.1;
						TestTargetID = 2F30563021C5691F00935380;
					};
					2F30564F21C5692000935380 = {
						CreatedOnToolsVersion = 10.1;
						TestTargetID = 2F30563021C5691F00935380;
					};
				};
			};
			buildConfigurationList = 2F30562C21C5691F00935380 /* Build configuration list for PBXProject "ArrowVerse" */;
			compatibilityVersion = "Xcode 9.3";
			developmentRegion = en;
			hasScannedForEncodings = 0;
			knownRegions = (
				en,
				Base,
			);
			mainGroup = 2F30562821C5691F00935380;
			productRefGroup = 2F30563221C5691F00935380 /* Products */;
			projectDirPath = "";
			projectRoot = "";
			targets = (
				2F30563021C5691F00935380 /* ArrowVerse */,
				2F30564421C5692000935380 /* ArrowVerseTests */,
				2F30564F21C5692000935380 /* ArrowVerseUITests */,
			);
		};
/* End PBXProject section */

/* Begin PBXResourcesBuildPhase section */
		2F30562F21C5691F00935380 /* Resources */ = {
			isa = PBXResourcesBuildPhase;
			buildActionMask = 2147483647;
			files = (
				2F30563F21C5692000935380 /* LaunchScreen.storyboard in Resources */,
				2F30563C21C5692000935380 /* Assets.xcassets in Resources */,
				2F30563A21C5691F00935380 /* Main.storyboard in Resources */,
			);
			runOnlyForDeploymentPostprocessing = 0;
		};
		2F30564321C5692000935380 /* Resources */ = {
			isa = PBXResourcesBuildPhase;
			buildActionMask = 2147483647;
			files = (
			);
			runOnlyForDeploymentPostprocessing = 0;
		};
		2F30564E21C5692000935380 /* Resources */ = {
			isa = PBXResourcesBuildPhase;
			buildActionMask = 2147483647;
			files = (
			);
			runOnlyForDeploymentPostprocessing = 0;
		};
/* End PBXResourcesBuildPhase section */

/* Begin PBXSourcesBuildPhase section */
		2F30562D21C5691F00935380 /* Sources */ = {
			isa = PBXSourcesBuildPhase;
			buildActionMask = 2147483647;
			files = (
				2F30563721C5691F00935380 /* ViewController.swift in Sources */,
				2F30563521C5691F00935380 /* AppDelegate.swift in Sources */,
			);
			runOnlyForDeploymentPostprocessing = 0;
		};
		2F30564121C5692000935380 /* Sources */ = {
			isa = PBXSourcesBuildPhase;
			buildActionMask = 2147483647;
			files = (
				2F30564A21C5692000935380 /* ArrowVerseTests.swift in Sources */,
			);
			runOnlyForDeploymentPostprocessing = 0;
		};
		2F30564C21C5692000935380 /* Sources */ = {
			isa = PBXSourcesBuildPhase;
			buildActionMask = 2147483647;
			files = (
				2F30565521C5692000935380 /* ArrowVerseUITests.swift in Sources */,
			);
			runOnlyForDeploymentPostprocessing = 0;
		};
/* End PBXSourcesBuildPhase section */

/* Begin PBXTargetDependency section */
		2F30564721C5692000935380 /* PBXTargetDependency */ = {
			isa = PBXTargetDependency;
			target = 2F30563021C5691F00935380 /* ArrowVerse */;
			targetProxy = 2F30564621C5692000935380 /* PBXContainerItemProxy */;
		};
		2F30565221C5692000935380 /* PBXTargetDependency */ = {
			isa = PBXTargetDependency;
			target = 2F30563021C5691F00935380 /* ArrowVerse */;
			targetProxy = 2F30565121C5692000935380 /* PBXContainerItemProxy */;
		};
/* End PBXTargetDependency section */

/* Begin PBXVariantGroup section */
		2F30563821C5691F00935380 /* Main.storyboard */ = {
			isa = PBXVariantGroup;
			children = (
				2F30563921C5691F00935380 /* Base */,
			);
			name = Main.storyboard;
			sourceTree = "<group>";
		};
		2F30563D21C5692000935380 /* LaunchScreen.storyboard */ = {
			isa = PBXVariantGroup;
			children = (
				2F30563E21C5692000935380 /* Base */,
			);
			name = LaunchScreen.storyboard;
			sourceTree = "<group>";
		};
/* End PBXVariantGroup section */

/* Begin XCBuildConfiguration section */
		2F30565721C5692000935380 /* Debug */ = {
			isa = XCBuildConfiguration;
			buildSettings = {
				ALWAYS_SEARCH_USER_PATHS = NO;
				CLANG_ANALYZER_NONNULL = YES;
				CLANG_ANALYZER_NUMBER_OBJECT_CONVERSION = YES_AGGRESSIVE;
				CLANG_CXX_LANGUAGE_STANDARD = "gnu++14";
				CLANG_CXX_LIBRARY = "libc++";
				CLANG_ENABLE_MODULES = YES;
				CLANG_ENABLE_OBJC_ARC = YES;
				CLANG_ENABLE_OBJC_WEAK = YES;
				CLANG_WARN_BLOCK_CAPTURE_AUTORELEASING = YES;
				CLANG_WARN_BOOL_CONVERSION = YES;
				CLANG_WARN_COMMA = YES;
				CLANG_WARN_CONSTANT_CONVERSION = YES;
				CLANG_WARN_DEPRECATED_OBJC_IMPLEMENTATIONS = YES;
				CLANG_WARN_DIRECT_OBJC_ISA_USAGE = YES_ERROR;
				CLANG_WARN_DOCUMENTATION_COMMENTS = YES;
				CLANG_WARN_EMPTY_BODY = YES;
				CLANG_WARN_ENUM_CONVERSION = YES;
				CLANG_WARN_INFINITE_RECURSION = YES;
				CLANG_WARN_INT_CONVERSION = YES;
				CLANG_WARN_NON_LITERAL_NULL_CONVERSION = YES;
				CLANG_WARN_OBJC_IMPLICIT_RETAIN_SELF = YES;
				CLANG_WARN_OBJC_LITERAL_CONVERSION = YES;
				CLANG_WARN_OBJC_ROOT_CLASS = YES_ERROR;
				CLANG_WARN_RANGE_LOOP_ANALYSIS = YES;
				CLANG_WARN_STRICT_PROTOTYPES = YES;
				CLANG_WARN_SUSPICIOUS_MOVE = YES;
				CLANG_WARN_UNGUARDED_AVAILABILITY = YES_AGGRESSIVE;
				CLANG_WARN_UNREACHABLE_CODE = YES;
				CLANG_WARN__DUPLICATE_METHOD_MATCH = YES;
				CODE_SIGN_IDENTITY = "iPhone Developer";
				COPY_PHASE_STRIP = NO;
				DEBUG_INFORMATION_FORMAT = dwarf;
				ENABLE_STRICT_OBJC_MSGSEND = YES;
				ENABLE_TESTABILITY = YES;
				GCC_C_LANGUAGE_STANDARD = gnu11;
				GCC_DYNAMIC_NO_PIC = NO;
				GCC_NO_COMMON_BLOCKS = YES;
				GCC_OPTIMIZATION_LEVEL = 0;
				GCC_PREPROCESSOR_DEFINITIONS = (
					"DEBUG=1",
					"$(inherited)",
				);
				GCC_WARN_64_TO_32_BIT_CONVERSION = YES;
				GCC_WARN_ABOUT_RETURN_TYPE = YES_ERROR;
				GCC_WARN_UNDECLARED_SELECTOR = YES;
				GCC_WARN_UNINITIALIZED_AUTOS = YES_AGGRESSIVE;
				GCC_WARN_UNUSED_FUNCTION = YES;
				GCC_WARN_UNUSED_VARIABLE = YES;
				IPHONEOS_DEPLOYMENT_TARGET = 12.1;
				MTL_ENABLE_DEBUG_INFO = INCLUDE_SOURCE;
				MTL_FAST_MATH = YES;
				ONLY_ACTIVE_ARCH = YES;
				SDKROOT = iphoneos;
				SWIFT_ACTIVE_COMPILATION_CONDITIONS = DEBUG;
				SWIFT_OPTIMIZATION_LEVEL = "-Onone";
			};
			name = Debug;
		};
		2F30565821C5692000935380 /* Release */ = {
			isa = XCBuildConfiguration;
			buildSettings = {
				ALWAYS_SEARCH_USER_PATHS = NO;
				CLANG_ANALYZER_NONNULL = YES;
				CLANG_ANALYZER_NUMBER_OBJECT_CONVERSION = YES_AGGRESSIVE;
				CLANG_CXX_LANGUAGE_STANDARD = "gnu++14";
				CLANG_CXX_LIBRARY = "libc++";
				CLANG_ENABLE_MODULES = YES;
				CLANG_ENABLE_OBJC_ARC = YES;
				CLANG_ENABLE_OBJC_WEAK = YES;
				CLANG_WARN_BLOCK_CAPTURE_AUTORELEASING = YES;
				CLANG_WARN_BOOL_CONVERSION = YES;
				CLANG_WARN_COMMA = YES;
				CLANG_WARN_CONSTANT_CONVERSION = YES;
				CLANG_WARN_DEPRECATED_OBJC_IMPLEMENTATIONS = YES;
				CLANG_WARN_DIRECT_OBJC_ISA_USAGE = YES_ERROR;
				CLANG_WARN_DOCUMENTATION_COMMENTS = YES;
				CLANG_WARN_EMPTY_BODY = YES;
				CLANG_WARN_ENUM_CONVERSION = YES;
				CLANG_WARN_INFINITE_RECURSION = YES;
				CLANG_WARN_INT_CONVERSION = YES;
				CLANG_WARN_NON_LITERAL_NULL_CONVERSION = YES;
				CLANG_WARN_OBJC_IMPLICIT_RETAIN_SELF = YES;
				CLANG_WARN_OBJC_LITERAL_CONVERSION = YES;
				CLANG_WARN_OBJC_ROOT_CLASS = YES_ERROR;
				CLANG_WARN_RANGE_LOOP_ANALYSIS = YES;
				CLANG_WARN_STRICT_PROTOTYPES = YES;
				CLANG_WARN_SUSPICIOUS_MOVE = YES;
				CLANG_WARN_UNGUARDED_AVAILABILITY = YES_AGGRESSIVE;
				CLANG_WARN_UNREACHABLE_CODE = YES;
				CLANG_WARN__DUPLICATE_METHOD_MATCH = YES;
				CODE_SIGN_IDENTITY = "iPhone Developer";
				COPY_PHASE_STRIP = NO;
				DEBUG_INFORMATION_FORMAT = "dwarf-with-dsym";
				ENABLE_NS_ASSERTIONS = NO;
				ENABLE_STRICT_OBJC_MSGSEND = YES;
				GCC_C_LANGUAGE_STANDARD = gnu11;
				GCC_NO_COMMON_BLOCKS = YES;
				GCC_WARN_64_TO_32_BIT_CONVERSION = YES;
				GCC_WARN_ABOUT_RETURN_TYPE = YES_ERROR;
				GCC_WARN_UNDECLARED_SELECTOR = YES;
				GCC_WARN_UNINITIALIZED_AUTOS = YES_AGGRESSIVE;
				GCC_WARN_UNUSED_FUNCTION = YES;
				GCC_WARN_UNUSED_VARIABLE = YES;
				IPHONEOS_DEPLOYMENT_TARGET = 12.1;
				MTL_ENABLE_DEBUG_INFO = NO;
				MTL_FAST_MATH = YES;
				SDKROOT = iphoneos;
				SWIFT_COMPILATION_MODE = wholemodule;
				SWIFT_OPTIMIZATION_LEVEL = "-O";
				VALIDATE_PRODUCT = YES;
			};
			name = Release;
		};
		2F30565A21C5692000935380 /* Debug */ = {
			isa = XCBuildConfiguration;
			buildSettings = {
				ASSETCATALOG_COMPILER_APPICON_NAME = AppIcon;
				CODE_SIGN_STYLE = Automatic;
				INFOPLIST_FILE = ArrowVerse/Info.plist;
				LD_RUNPATH_SEARCH_PATHS = (
					"$(inherited)",
					"@executable_path/Frameworks",
				);
				PRODUCT_BUNDLE_IDENTIFIER = com.example.rwaynick.ArrowVerse;
				PRODUCT_NAME = "$(TARGET_NAME)";
				SWIFT_VERSION = 4.2;
				TARGETED_DEVICE_FAMILY = "1,2";
			};
			name = Debug;
		};
		2F30565B21C5692000935380 /* Release */ = {
			isa = XCBuildConfiguration;
			buildSettings = {
				ASSETCATALOG_COMPILER_APPICON_NAME = AppIcon;
				CODE_SIGN_STYLE = Automatic;
				INFOPLIST_FILE = ArrowVerse/Info.plist;
				LD_RUNPATH_SEARCH_PATHS = (
					"$(inherited)",
					"@executable_path/Frameworks",
				);
				PRODUCT_BUNDLE_IDENTIFIER = com.example.rwaynick.ArrowVerse;
				PRODUCT_NAME = "$(TARGET_NAME)";
				SWIFT_VERSION = 4.2;
				TARGETED_DEVICE_FAMILY = "1,2";
			};
			name = Release;
		};
		2F30565D21C5692000935380 /* Debug */ = {
			isa = XCBuildConfiguration;
			buildSettings = {
				ALWAYS_EMBED_SWIFT_STANDARD_LIBRARIES = YES;
				BUNDLE_LOADER = "$(TEST_HOST)";
				CODE_SIGN_STYLE = Automatic;
				INFOPLIST_FILE = ArrowVerseTests/Info.plist;
				LD_RUNPATH_SEARCH_PATHS = (
					"$(inherited)",
					"@executable_path/Frameworks",
					"@loader_path/Frameworks",
				);
				PRODUCT_BUNDLE_IDENTIFIER = com.example.rwaynick.ArrowVerseTests;
				PRODUCT_NAME = "$(TARGET_NAME)";
				SWIFT_VERSION = 4.2;
				TARGETED_DEVICE_FAMILY = "1,2";
				TEST_HOST = "$(BUILT_PRODUCTS_DIR)/ArrowVerse.app/ArrowVerse";
			};
			name = Debug;
		};
		2F30565E21C5692000935380 /* Release */ = {
			isa = XCBuildConfiguration;
			buildSettings = {
				ALWAYS_EMBED_SWIFT_STANDARD_LIBRARIES = YES;
				BUNDLE_LOADER = "$(TEST_HOST)";
				CODE_SIGN_STYLE = Automatic;
				INFOPLIST_FILE = ArrowVerseTests/Info.plist;
				LD_RUNPATH_SEARCH_PATHS = (
					"$(inherited)",
					"@executable_path/Frameworks",
					"@loader_path/Frameworks",
				);
				PRODUCT_BUNDLE_IDENTIFIER = com.example.rwaynick.ArrowVerseTests;
				PRODUCT_NAME = "$(TARGET_NAME)";
				SWIFT_VERSION = 4.2;
				TARGETED_DEVICE_FAMILY = "1,2";
				TEST_HOST = "$(BUILT_PRODUCTS_DIR)/ArrowVerse.app/ArrowVerse";
			};
			name = Release;
		};
		2F30566021C5692000935380 /* Debug */ = {
			isa = XCBuildConfiguration;
			buildSettings = {
				ALWAYS_EMBED_SWIFT_STANDARD_LIBRARIES = YES;
				CODE_SIGN_STYLE = Automatic;
				INFOPLIST_FILE = ArrowVerseUITests/Info.plist;
				LD_RUNPATH_SEARCH_PATHS = (
					"$(inherited)",
					"@executable_path/Frameworks",
					"@loader_path/Frameworks",
				);
				PRODUCT_BUNDLE_IDENTIFIER = com.example.rwaynick.ArrowVerseUITests;
				PRODUCT_NAME = "$(TARGET_NAME)";
				SWIFT_VERSION = 4.2;
				TARGETED_DEVICE_FAMILY = "1,2";
				TEST_TARGET_NAME = ArrowVerse;
			};
			name = Debug;
		};
		2F30566121C5692000935380 /* Release */ = {
			isa = XCBuildConfiguration;
			buildSettings = {
				ALWAYS_EMBED_SWIFT_STANDARD_LIBRARIES = YES;
				CODE_SIGN_STYLE = Automatic;
				INFOPLIST_FILE = ArrowVerseUITests/Info.plist;
				LD_RUNPATH_SEARCH_PATHS = (
					"$(inherited)",
					"@executable_path/Frameworks",
					"@loader_path/Frameworks",
				);
				PRODUCT_BUNDLE_IDENTIFIER = com.example.rwaynick.ArrowVerseUITests;
				PRODUCT_NAME = "$(TARGET_NAME)";
				SWIFT_VERSION = 4.2;
				TARGETED_DEVICE_FAMILY = "1,2";
				TEST_TARGET_NAME = ArrowVerse;
			};
			name = Release;
		};
/* End XCBuildConfiguration section */

/* Begin XCConfigurationList section */
		2F30562C21C5691F00935380 /* Build configuration list for PBXProject "ArrowVerse" */ = {
			isa = XCConfigurationList;
			buildConfigurations = (
				2F30565721C5692000935380 /* Debug */,
				2F30565821C5692000935380 /* Release */,
			);
			defaultConfigurationIsVisible = 0;
			defaultConfigurationName = Release;
		};
		2F30565921C5692000935380 /* Build configuration list for PBXNativeTarget "ArrowVerse" */ = {
			isa = XCConfigurationList;
			buildConfigurations = (
				2F30565A21C5692000935380 /* Debug */,
				2F30565B21C5692000935380 /* Release */,
			);
			defaultConfigurationIsVisible = 0;
			defaultConfigurationName = Release;
		};
		2F30565C21C5692000935380 /* Build configuration list for PBXNativeTarget "ArrowVerseTests" */ = {
			isa = XCConfigurationList;
			buildConfigurations = (
				2F30565D21C5692000935380 /* Debug */,
				2F30565E21C5692000935380 /* Release */,
			);
			defaultConfigurationIsVisible = 0;
			defaultConfigurationName = Release;
		};
		2F30565F21C5692000935380 /* Build configuration list for PBXNativeTarget "ArrowVerseUITests" */ = {
			isa = XCConfigurationList;
			buildConfigurations = (
				2F30566021C5692000935380 /* Debug */,
				2F30566121C5692000935380 /* Release */,
			);
			defaultConfigurationIsVisible = 0;
			defaultConfigurationName = Release;
		};
/* End XCConfigurationList section */
	};
	rootObject = 2F30562921C5691F00935380 /* Project object */;
}
